
Microsoft Visual Studio Solution File, Format Version 12.00
# Visual Studio Version 16
VisualStudioVersion = 16.0.32228.343
MinimumVisualStudioVersion = 10.0.40219.1
Project("{9A19103F-16F7-4668-BE54-9A1E7A4F7556}") = "Web API", "Web API.csproj", "{30FC6E26-C4C7-4870-8D4F-0A4C24A00349}"
EndProject
Project("{9A19103F-16F7-4668-BE54-9A1E7A4F7556}") = "WebApp", "..\WebApp\WebApp.csproj", "{AA8FA853-A070-416E-AC53-7AF22AAE44A7}"
EndProject
Project("{FAE04EC0-301F-11D3-BF4B-00C04F79EFBC}") = "MobileApp.Android", "..\MobileApp\MobileApp.Android\MobileApp.Android.csproj", "{222FAFC1-F693-494A-8816-3F08157894EB}"
EndProject
Project("{FAE04EC0-301F-11D3-BF4B-00C04F79EFBC}") = "MobileApp.iOS", "..\MobileApp\MobileApp.iOS\MobileApp.iOS.csproj", "{3F5E2FB0-57B9-480B-A390-5324117A5EF8}"
EndProject
Project("{9A19103F-16F7-4668-BE54-9A1E7A4F7556}") = "MobileApp", "..\MobileApp\MobileApp\MobileApp.csproj", "{665146E2-AFBB-4B65-B5A1-A2236C2F51C4}"
EndProject
Global
	GlobalSection(SolutionConfigurationPlatforms) = preSolution
		Debug|Any CPU = Debug|Any CPU
		Debug|iPhone = Debug|iPhone
		Debug|iPhoneSimulator = Debug|iPhoneSimulator
		Release|Any CPU = Release|Any CPU
		Release|iPhone = Release|iPhone
		Release|iPhoneSimulator = Release|iPhoneSimulator
	EndGlobalSection
	GlobalSection(ProjectConfigurationPlatforms) = postSolution
		{30FC6E26-C4C7-4870-8D4F-0A4C24A00349}.Debug|Any CPU.ActiveCfg = Debug|Any CPU
		{30FC6E26-C4C7-4870-8D4F-0A4C24A00349}.Debug|Any CPU.Build.0 = Debug|Any CPU
		{30FC6E26-C4C7-4870-8D4F-0A4C24A00349}.Debug|iPhone.ActiveCfg = Debug|Any CPU
		{30FC6E26-C4C7-4870-8D4F-0A4C24A00349}.Debug|iPhone.Build.0 = Debug|Any CPU
		{30FC6E26-C4C7-4870-8D4F-0A4C24A00349}.Debug|iPhoneSimulator.ActiveCfg = Debug|Any CPU
		{30FC6E26-C4C7-4870-8D4F-0A4C24A00349}.Debug|iPhoneSimulator.Build.0 = Debug|Any CPU
		{30FC6E26-C4C7-4870-8D4F-0A4C24A00349}.Release|Any CPU.ActiveCfg = Release|Any CPU
		{30FC6E26-C4C7-4870-8D4F-0A4C24A00349}.Release|Any CPU.Build.0 = Release|Any CPU
		{30FC6E26-C4C7-4870-8D4F-0A4C24A00349}.Release|iPhone.ActiveCfg = Release|Any CPU
		{30FC6E26-C4C7-4870-8D4F-0A4C24A00349}.Release|iPhone.Build.0 = Release|Any CPU
		{30FC6E26-C4C7-4870-8D4F-0A4C24A00349}.Release|iPhoneSimulator.ActiveCfg = Release|Any CPU
		{30FC6E26-C4C7-4870-8D4F-0A4C24A00349}.Release|iPhoneSimulator.Build.0 = Release|Any CPU
		{AA8FA853-A070-416E-AC53-7AF22AAE44A7}.Debug|Any CPU.ActiveCfg = Debug|Any CPU
		{AA8FA853-A070-416E-AC53-7AF22AAE44A7}.Debug|Any CPU.Build.0 = Debug|Any CPU
		{AA8FA853-A070-416E-AC53-7AF22AAE44A7}.Debug|iPhone.ActiveCfg = Debug|Any CPU
		{AA8FA853-A070-416E-AC53-7AF22AAE44A7}.Debug|iPhone.Build.0 = Debug|Any CPU
		{AA8FA853-A070-416E-AC53-7AF22AAE44A7}.Debug|iPhoneSimulator.ActiveCfg = Debug|Any CPU
		{AA8FA853-A070-416E-AC53-7AF22AAE44A7}.Debug|iPhoneSimulator.Build.0 = Debug|Any CPU
		{AA8FA853-A070-416E-AC53-7AF22AAE44A7}.Release|Any CPU.ActiveCfg = Release|Any CPU
		{AA8FA853-A070-416E-AC53-7AF22AAE44A7}.Release|Any CPU.Build.0 = Release|Any CPU
		{AA8FA853-A070-416E-AC53-7AF22AAE44A7}.Release|iPhone.ActiveCfg = Release|Any CPU
		{AA8FA853-A070-416E-AC53-7AF22AAE44A7}.Release|iPhone.Build.0 = Release|Any CPU
		{AA8FA853-A070-416E-AC53-7AF22AAE44A7}.Release|iPhoneSimulator.ActiveCfg = Release|Any CPU
		{AA8FA853-A070-416E-AC53-7AF22AAE44A7}.Release|iPhoneSimulator.Build.0 = Release|Any CPU
		{222FAFC1-F693-494A-8816-3F08157894EB}.Debug|Any CPU.ActiveCfg = Debug|Any CPU
		{222FAFC1-F693-494A-8816-3F08157894EB}.Debug|Any CPU.Build.0 = Debug|Any CPU
		{222FAFC1-F693-494A-8816-3F08157894EB}.Debug|Any CPU.Deploy.0 = Debug|Any CPU
		{222FAFC1-F693-494A-8816-3F08157894EB}.Debug|iPhone.ActiveCfg = Debug|Any CPU
		{222FAFC1-F693-494A-8816-3F08157894EB}.Debug|iPhone.Build.0 = Debug|Any CPU
		{222FAFC1-F693-494A-8816-3F08157894EB}.Debug|iPhone.Deploy.0 = Debug|Any CPU
		{222FAFC1-F693-494A-8816-3F08157894EB}.Debug|iPhoneSimulator.ActiveCfg = Debug|Any CPU
		{222FAFC1-F693-494A-8816-3F08157894EB}.Debug|iPhoneSimulator.Build.0 = Debug|Any CPU
		{222FAFC1-F693-494A-8816-3F08157894EB}.Debug|iPhoneSimulator.Deploy.0 = Debug|Any CPU
		{222FAFC1-F693-494A-8816-3F08157894EB}.Release|Any CPU.ActiveCfg = Release|Any CPU
		{222FAFC1-F693-494A-8816-3F08157894EB}.Release|Any CPU.Build.0 = Release|Any CPU
		{222FAFC1-F693-494A-8816-3F08157894EB}.Release|Any CPU.Deploy.0 = Release|Any CPU
		{222FAFC1-F693-494A-8816-3F08157894EB}.Release|iPhone.ActiveCfg = Release|Any CPU
		{222FAFC1-F693-494A-8816-3F08157894EB}.Release|iPhone.Build.0 = Release|Any CPU
		{222FAFC1-F693-494A-8816-3F08157894EB}.Release|iPhone.Deploy.0 = Release|Any CPU
		{222FAFC1-F693-494A-8816-3F08157894EB}.Release|iPhoneSimulator.ActiveCfg = Release|Any CPU
		{222FAFC1-F693-494A-8816-3F08157894EB}.Release|iPhoneSimulator.Build.0 = Release|Any CPU
		{222FAFC1-F693-494A-8816-3F08157894EB}.Release|iPhoneSimulator.Deploy.0 = Release|Any CPU
		{3F5E2FB0-57B9-480B-A390-5324117A5EF8}.Debug|Any CPU.ActiveCfg = Debug|iPhoneSimulator
		{3F5E2FB0-57B9-480B-A390-5324117A5EF8}.Debug|iPhone.ActiveCfg = Debug|iPhone
		{3F5E2FB0-57B9-480B-A390-5324117A5EF8}.Debug|iPhone.Build.0 = Debug|iPhone
		{3F5E2FB0-57B9-480B-A390-5324117A5EF8}.Debug|iPhoneSimulator.ActiveCfg = Debug|iPhoneSimulator
		{3F5E2FB0-57B9-480B-A390-5324117A5EF8}.Debug|iPhoneSimulator.Build.0 = Debug|iPhoneSimulator
		{3F5E2FB0-57B9-480B-A390-5324117A5EF8}.Release|Any CPU.ActiveCfg = Release|iPhoneSimulator
		{3F5E2FB0-57B9-480B-A390-5324117A5EF8}.Release|iPhone.ActiveCfg = Release|iPhone
		{3F5E2FB0-57B9-480B-A390-5324117A5EF8}.Release|iPhone.Build.0 = Release|iPhone
		{3F5E2FB0-57B9-480B-A390-5324117A5EF8}.Release|iPhoneSimulator.ActiveCfg = Release|iPhoneSimulator
		{3F5E2FB0-57B9-480B-A390-5324117A5EF8}.Release|iPhoneSimulator.Build.0 = Release|iPhoneSimulator
		{665146E2-AFBB-4B65-B5A1-A2236C2F51C4}.Debug|Any CPU.ActiveCfg = Debug|Any CPU
		{665146E2-AFBB-4B65-B5A1-A2236C2F51C4}.Debug|Any CPU.Build.0 = Debug|Any CPU
		{665146E2-AFBB-4B65-B5A1-A2236C2F51C4}.Debug|iPhone.ActiveCfg = Debug|Any CPU
		{665146E2-AFBB-4B65-B5A1-A2236C2F51C4}.Debug|iPhone.Build.0 = Debug|Any CPU
		{665146E2-AFBB-4B65-B5A1-A2236C2F51C4}.Debug|iPhoneSimulator.ActiveCfg = Debug|Any CPU
		{665146E2-AFBB-4B65-B5A1-A2236C2F51C4}.Debug|iPhoneSimulator.Build.0 = Debug|Any CPU
		{665146E2-AFBB-4B65-B5A1-A2236C2F51C4}.Release|Any CPU.ActiveCfg = Release|Any CPU
		{665146E2-AFBB-4B65-B5A1-A2236C2F51C4}.Release|Any CPU.Build.0 = Release|Any CPU
		{665146E2-AFBB-4B65-B5A1-A2236C2F51C4}.Release|iPhone.ActiveCfg = Release|Any CPU
		{665146E2-AFBB-4B65-B5A1-A2236C2F51C4}.Release|iPhone.Build.0 = Release|Any CPU
		{665146E2-AFBB-4B65-B5A1-A2236C2F51C4}.Release|iPhoneSimulator.ActiveCfg = Release|Any CPU
		{665146E2-AFBB-4B65-B5A1-A2236C2F51C4}.Release|iPhoneSimulator.Build.0 = Release|Any CPU
	EndGlobalSection
	GlobalSection(SolutionProperties) = preSolution
		HideSolutionNode = FALSE
	EndGlobalSection
	GlobalSection(ExtensibilityGlobals) = postSolution
		SolutionGuid = {ACE9A9B9-823B-4C82-9938-EA2FAEE78612}
	EndGlobalSection
EndGlobal
